// !$*UTF8*$!
{
	archiveVersion = 1;
	classes = {
	};
	objectVersion = 50;
	objects = {

/* Begin PBXBuildFile section */
		F4FFD00124FFED9800FDA152 /* AppDelegate.swift in Sources */ = {isa = PBXBuildFile; fileRef = F4FFD00024FFED9800FDA152 /* AppDelegate.swift */; };
		F4FFD00324FFED9800FDA152 /* SceneDelegate.swift in Sources */ = {isa = PBXBuildFile; fileRef = F4FFD00224FFED9800FDA152 /* SceneDelegate.swift */; };
		F4FFD00524FFED9800FDA152 /* ViewController.swift in Sources */ = {isa = PBXBuildFile; fileRef = F4FFD00424FFED9800FDA152 /* ViewController.swift */; };
		F4FFD00824FFED9800FDA152 /* Main.storyboard in Resources */ = {isa = PBXBuildFile; fileRef = F4FFD00624FFED9800FDA152 /* Main.storyboard */; };
		F4FFD00A24FFED9800FDA152 /* Assets.xcassets in Resources */ = {isa = PBXBuildFile; fileRef = F4FFD00924FFED9800FDA152 /* Assets.xcassets */; };
		F4FFD00D24FFED9800FDA152 /* LaunchScreen.storyboard in Resources */ = {isa = PBXBuildFile; fileRef = F4FFD00B24FFED9800FDA152 /* LaunchScreen.storyboard */; };
		F4FFD0372503F5FC00FDA152 /* ResltViewController.swift in Sources */ = {isa = PBXBuildFile; fileRef = F4FFD0362503F5FC00FDA152 /* ResltViewController.swift */; };
		F4FFD0452504F50000FDA152 /* image2.png in Resources */ = {isa = PBXBuildFile; fileRef = F4FFD0422504F4FF00FDA152 /* image2.png */; };
		F4FFD0462504F50000FDA152 /* image3.png in Resources */ = {isa = PBXBuildFile; fileRef = F4FFD0432504F4FF00FDA152 /* image3.png */; };
		F4FFD0472504F50000FDA152 /* image1.png in Resources */ = {isa = PBXBuildFile; fileRef = F4FFD0442504F50000FDA152 /* image1.png */; };
/* End PBXBuildFile section */

/* Begin PBXFileReference section */
		F4FFCFFD24FFED9800FDA152 /* SlideshowApp.app */ = {isa = PBXFileReference; explicitFileType = wrapper.application; includeInIndex = 0; path = SlideshowApp.app; sourceTree = BUILT_PRODUCTS_DIR; };
		F4FFD00024FFED9800FDA152 /* AppDelegate.swift */ = {isa = PBXFileReference; lastKnownFileType = sourcecode.swift; path = AppDelegate.swift; sourceTree = "<group>"; };
		F4FFD00224FFED9800FDA152 /* SceneDelegate.swift */ = {isa = PBXFileReference; lastKnownFileType = sourcecode.swift; path = SceneDelegate.swift; sourceTree = "<group>"; };
		F4FFD00424FFED9800FDA152 /* ViewController.swift */ = {isa = PBXFileReference; lastKnownFileType = sourcecode.swift; path = ViewController.swift; sourceTree = "<group>"; };
		F4FFD00724FFED9800FDA152 /* Base */ = {isa = PBXFileReference; lastKnownFileType = file.storyboard; name = Base; path = Base.lproj/Main.storyboard; sourceTree = "<group>"; };
		F4FFD00924FFED9800FDA152 /* Assets.xcassets */ = {isa = PBXFileReference; lastKnownFileType = folder.assetcatalog; path = Assets.xcassets; sourceTree = "<group>"; };
		F4FFD00C24FFED9800FDA152 /* Base */ = {isa = PBXFileReference; lastKnownFileType = file.storyboard; name = Base; path = Base.lproj/LaunchScreen.storyboard; sourceTree = "<group>"; };
		F4FFD00E24FFED9800FDA152 /* Info.plist */ = {isa = PBXFileReference; lastKnownFileType = text.plist.xml; path = Info.plist; sourceTree = "<group>"; };
		F4FFD0362503F5FC00FDA152 /* ResltViewController.swift */ = {isa = PBXFileReference; lastKnownFileType = sourcecode.swift; path = ResltViewController.swift; sourceTree = "<group>"; };
		F4FFD0422504F4FF00FDA152 /* image2.png */ = {isa = PBXFileReference; lastKnownFileType = image.png; path = image2.png; sourceTree = "<group>"; };
		F4FFD0432504F4FF00FDA152 /* image3.png */ = {isa = PBXFileReference; lastKnownFileType = image.png; path = image3.png; sourceTree = "<group>"; };
		F4FFD0442504F50000FDA152 /* image1.png */ = {isa = PBXFileReference; lastKnownFileType = image.png; path = image1.png; sourceTree = "<group>"; };
/* End PBXFileReference section */

/* Begin PBXFrameworksBuildPhase section */
		F4FFCFFA24FFED9800FDA152 /* Frameworks */ = {
			isa = PBXFrameworksBuildPhase;
			buildActionMask = 2147483647;
			files = (
			);
			runOnlyForDeploymentPostprocessing = 0;
		};
/* End PBXFrameworksBuildPhase section */

/* Begin PBXGroup section */
		F4FFCFF424FFED9800FDA152 = {
			isa = PBXGroup;
			children = (
				F4FFCFFF24FFED9800FDA152 /* SlideshowApp */,
				F4FFCFFE24FFED9800FDA152 /* Products */,
				F4FFD0442504F50000FDA152 /* image1.png */,
				F4FFD0422504F4FF00FDA152 /* image2.png */,
				F4FFD0432504F4FF00FDA152 /* image3.png */,
			);
			sourceTree = "<group>";
		};
		F4FFCFFE24FFED9800FDA152 /* Products */ = {
			isa = PBXGroup;
			children = (
				F4FFCFFD24FFED9800FDA152 /* SlideshowApp.app */,
			);
			name = Products;
			sourceTree = "<group>";
		};
		F4FFCFFF24FFED9800FDA152 /* SlideshowApp */ = {
			isa = PBXGroup;
			children = (
				F4FFD00024FFED9800FDA152 /* AppDelegate.swift */,
				F4FFD00224FFED9800FDA152 /* SceneDelegate.swift */,
				F4FFD00424FFED9800FDA152 /* ViewController.swift */,
				F4FFD0362503F5FC00FDA152 /* ResltViewController.swift */,
				F4FFD00624FFED9800FDA152 /* Main.storyboard */,
				F4FFD00924FFED9800FDA152 /* Assets.xcassets */,
				F4FFD00B24FFED9800FDA152 /* LaunchScreen.storyboard */,
				F4FFD00E24FFED9800FDA152 /* Info.plist */,
			);
			path = SlideshowApp;
			sourceTree = "<group>";
		};
/* End PBXGroup section */

/* Begin PBXNativeTarget section */
		F4FFCFFC24FFED9800FDA152 /* SlideshowApp */ = {
			isa = PBXNativeTarget;
			buildConfigurationList = F4FFD01124FFED9800FDA152 /* Build configuration list for PBXNativeTarget "SlideshowApp" */;
			buildPhases = (
				F4FFCFF924FFED9800FDA152 /* Sources */,
				F4FFCFFA24FFED9800FDA152 /* Frameworks */,
				F4FFCFFB24FFED9800FDA152 /* Resources */,
			);
			buildRules = (
			);
			dependencies = (
			);
			name = SlideshowApp;
			productName = SlideshowApp;
			productReference = F4FFCFFD24FFED9800FDA152 /* SlideshowApp.app */;
			productType = "com.apple.product-type.application";
		};
/* End PBXNativeTarget section */

/* Begin PBXProject section */
		F4FFCFF524FFED9800FDA152 /* Project object */ = {
			isa = PBXProject;
			attributes = {
				LastSwiftUpdateCheck = 1150;
				LastUpgradeCheck = 1150;
				ORGANIZATIONNAME = kotaro_kawai;
				TargetAttributes = {
					F4FFCFFC24FFED9800FDA152 = {
						CreatedOnToolsVersion = 11.5;
					};
				};
			};
			buildConfigurationList = F4FFCFF824FFED9800FDA152 /* Build configuration list for PBXProject "SlideshowApp" */;
			compatibilityVersion = "Xcode 9.3";
			developmentRegion = en;
			hasScannedForEncodings = 0;
			knownRegions = (
				en,
				Base,
			);
			mainGroup = F4FFCFF424FFED9800FDA152;
			productRefGroup = F4FFCFFE24FFED9800FDA152 /* Products */;
			projectDirPath = "";
			projectRoot = "";
			targets = (
				F4FFCFFC24FFED9800FDA152 /* SlideshowApp */,
			);
		};
/* End PBXProject section */

/* Begin PBXResourcesBuildPhase section */
		F4FFCFFB24FFED9800FDA152 /* Resources */ = {
			isa = PBXResourcesBuildPhase;
			buildActionMask = 2147483647;
			files = (
				F4FFD00D24FFED9800FDA152 /* LaunchScreen.storyboard in Resources */,
				F4FFD0462504F50000FDA152 /* image3.png in Resources */,
				F4FFD00A24FFED9800FDA152 /* Assets.xcassets in Resources */,
				F4FFD0472504F50000FDA152 /* image1.png in Resources */,
				F4FFD0452504F50000FDA152 /* image2.png in Resources */,
				F4FFD00824FFED9800FDA152 /* Main.storyboard in Resources */,
			);
			runOnlyForDeploymentPostprocessing = 0;
		};
/* End PBXResourcesBuildPhase section */

/* Begin PBXSourcesBuildPhase section */
		F4FFCFF924FFED9800FDA152 /* Sources */ = {
			isa = PBXSourcesBuildPhase;
			buildActionMask = 2147483647;
			files = (
				F4FFD00524FFED9800FDA152 /* ViewController.swift in Sources */,
				F4FFD0372503F5FC00FDA152 /* ResltViewController.swift in Sources */,
				F4FFD00124FFED9800FDA152 /* AppDelegate.swift in Sources */,
				F4FFD00324FFED9800FDA152 /* SceneDelegate.swift in Sources */,
			);
			runOnlyForDeploymentPostprocessing = 0;
		};
/* End PBXSourcesBuildPhase section */

/* Begin PBXVariantGroup section */
		F4FFD00624FFED9800FDA152 /* Main.storyboard */ = {
			isa = PBXVariantGroup;
			children = (
				F4FFD00724FFED9800FDA152 /* Base */,
			);
			name = Main.storyboard;
			sourceTree = "<group>";
		};
		F4FFD00B24FFED9800FDA152 /* LaunchScreen.storyboard */ = {
			isa = PBXVariantGroup;
			children = (
				F4FFD00C24FFED9800FDA152 /* Base */,
			);
			name = LaunchScreen.storyboard;
			sourceTree = "<group>";
		};
/* End PBXVariantGroup section */

/* Begin XCBuildConfiguration section */
		F4FFD00F24FFED9800FDA152 /* Debug */ = {
			isa = XCBuildConfiguration;
			buildSettings = {
				ALWAYS_SEARCH_USER_PATHS = NO;
				CLANG_ANALYZER_NONNULL = YES;
				CLANG_ANALYZER_NUMBER_OBJECT_CONVERSION = YES_AGGRESSIVE;
				CLANG_CXX_LANGUAGE_STANDARD = "gnu++14";
				CLANG_CXX_LIBRARY = "libc++";
				CLANG_ENABLE_MODULES = YES;
				CLANG_ENABLE_OBJC_ARC = YES;
				CLANG_ENABLE_OBJC_WEAK = YES;
				CLANG_WARN_BLOCK_CAPTURE_AUTORELEASING = YES;
				CLANG_WARN_BOOL_CONVERSION = YES;
				CLANG_WARN_COMMA = YES;
				CLANG_WARN_CONSTANT_CONVERSION = YES;
				CLANG_WARN_DEPRECATED_OBJC_IMPLEMENTATIONS = YES;
				CLANG_WARN_DIRECT_OBJC_ISA_USAGE = YES_ERROR;
				CLANG_WARN_DOCUMENTATION_COMMENTS = YES;
				CLANG_WARN_EMPTY_BODY = YES;
				CLANG_WARN_ENUM_CONVERSION = YES;
				CLANG_WARN_INFINITE_RECURSION = YES;
				CLANG_WARN_INT_CONVERSION = YES;
				CLANG_WARN_NON_LITERAL_NULL_CONVERSION = YES;
				CLANG_WARN_OBJC_IMPLICIT_RETAIN_SELF = YES;
				CLANG_WARN_OBJC_LITERAL_CONVERSION = YES;
				CLANG_WARN_OBJC_ROOT_CLASS = YES_ERROR;
				CLANG_WARN_RANGE_LOOP_ANALYSIS = YES;
				CLANG_WARN_STRICT_PROTOTYPES = YES;
				CLANG_WARN_SUSPICIOUS_MOVE = YES;
				CLANG_WARN_UNGUARDED_AVAILABILITY = YES_AGGRESSIVE;
				CLANG_WARN_UNREACHABLE_CODE = YES;
				CLANG_WARN__DUPLICATE_METHOD_MATCH = YES;
				COPY_PHASE_STRIP = NO;
				DEBUG_INFORMATION_FORMAT = dwarf;
				ENABLE_STRICT_OBJC_MSGSEND = YES;
				ENABLE_TESTABILITY = YES;
				GCC_C_LANGUAGE_STANDARD = gnu11;
				GCC_DYNAMIC_NO_PIC = NO;
				GCC_NO_COMMON_BLOCKS = YES;
				GCC_OPTIMIZATION_LEVEL = 0;
				GCC_PREPROCESSOR_DEFINITIONS = (
					"DEBUG=1",
					"$(inherited)",
				);
				GCC_WARN_64_TO_32_BIT_CONVERSION = YES;
				GCC_WARN_ABOUT_RETURN_TYPE = YES_ERROR;
				GCC_WARN_UNDECLARED_SELECTOR = YES;
				GCC_WARN_UNINITIALIZED_AUTOS = YES_AGGRESSIVE;
				GCC_WARN_UNUSED_FUNCTION = YES;
				GCC_WARN_UNUSED_VARIABLE = YES;
				IPHONEOS_DEPLOYMENT_TARGET = 13.5;
				MTL_ENABLE_DEBUG_INFO = INCLUDE_SOURCE;
				MTL_FAST_MATH = YES;
				ONLY_ACTIVE_ARCH = YES;
				SDKROOT = iphoneos;
				SWIFT_ACTIVE_COMPILATION_CONDITIONS = DEBUG;
				SWIFT_OPTIMIZATION_LEVEL = "-Onone";
			};
			name = Debug;
		};
		F4FFD01024FFED9800FDA152 /* Release */ = {
			isa = XCBuildConfiguration;
			buildSettings = {
				ALWAYS_SEARCH_USER_PATHS = NO;
				CLANG_ANALYZER_NONNULL = YES;
				CLANG_ANALYZER_NUMBER_OBJECT_CONVERSION = YES_AGGRESSIVE;
				CLANG_CXX_LANGUAGE_STANDARD = "gnu++14";
				CLANG_CXX_LIBRARY = "libc++";
				CLANG_ENABLE_MODULES = YES;
				CLANG_ENABLE_OBJC_ARC = YES;
				CLANG_ENABLE_OBJC_WEAK = YES;
				CLANG_WARN_BLOCK_CAPTURE_AUTORELEASING = YES;
				CLANG_WARN_BOOL_CONVERSION = YES;
				CLANG_WARN_COMMA = YES;
				CLANG_WARN_CONSTANT_CONVERSION = YES;
				CLANG_WARN_DEPRECATED_OBJC_IMPLEMENTATIONS = YES;
				CLANG_WARN_DIRECT_OBJC_ISA_USAGE = YES_ERROR;
				CLANG_WARN_DOCUMENTATION_COMMENTS = YES;
				CLANG_WARN_EMPTY_BODY = YES;
				CLANG_WARN_ENUM_CONVERSION = YES;
				CLANG_WARN_INFINITE_RECURSION = YES;
				CLANG_WARN_INT_CONVERSION = YES;
				CLANG_WARN_NON_LITERAL_NULL_CONVERSION = YES;
				CLANG_WARN_OBJC_IMPLICIT_RETAIN_SELF = YES;
				CLANG_WARN_OBJC_LITERAL_CONVERSION = YES;
				CLANG_WARN_OBJC_ROOT_CLASS = YES_ERROR;
				CLANG_WARN_RANGE_LOOP_ANALYSIS = YES;
				CLANG_WARN_STRICT_PROTOTYPES = YES;
				CLANG_WARN_SUSPICIOUS_MOVE = YES;
				CLANG_WARN_UNGUARDED_AVAILABILITY = YES_AGGRESSIVE;
				CLANG_WARN_UNREACHABLE_CODE = YES;
				CLANG_WARN__DUPLICATE_METHOD_MATCH = YES;
				COPY_PHASE_STRIP = NO;
				DEBUG_INFORMATION_FORMAT = "dwarf-with-dsym";
				ENABLE_NS_ASSERTIONS = NO;
				ENABLE_STRICT_OBJC_MSGSEND = YES;
				GCC_C_LANGUAGE_STANDARD = gnu11;
				GCC_NO_COMMON_BLOCKS = YES;
				GCC_WARN_64_TO_32_BIT_CONVERSION = YES;
				GCC_WARN_ABOUT_RETURN_TYPE = YES_ERROR;
				GCC_WARN_UNDECLARED_SELECTOR = YES;
				GCC_WARN_UNINITIALIZED_AUTOS = YES_AGGRESSIVE;
				GCC_WARN_UNUSED_FUNCTION = YES;
				GCC_WARN_UNUSED_VARIABLE = YES;
				IPHONEOS_DEPLOYMENT_TARGET = 13.5;
				MTL_ENABLE_DEBUG_INFO = NO;
				MTL_FAST_MATH = YES;
				SDKROOT = iphoneos;
				SWIFT_COMPILATION_MODE = wholemodule;
				SWIFT_OPTIMIZATION_LEVEL = "-O";
				VALIDATE_PRODUCT = YES;
			};
			name = Release;
		};
		F4FFD01224FFED9800FDA152 /* Debug */ = {
			isa = XCBuildConfiguration;
			buildSettings = {
				ASSETCATALOG_COMPILER_APPICON_NAME = AppIcon;
				CODE_SIGN_STYLE = Automatic;
				INFOPLIST_FILE = SlideshowApp/Info.plist;
				LD_RUNPATH_SEARCH_PATHS = (
					"$(inherited)",
					"@executable_path/Frameworks",
				);
				PRODUCT_BUNDLE_IDENTIFIER = jp.techacademy.kotaro.kawai.SlideshowApp;
				PRODUCT_NAME = "$(TARGET_NAME)";
				SWIFT_VERSION = 5.0;
				TARGETED_DEVICE_FAMILY = "1,2";
			};
			name = Debug;
		};
		F4FFD01324FFED9800FDA152 /* Release */ = {
			isa = XCBuildConfiguration;
			buildSettings = {
				ASSETCATALOG_COMPILER_APPICON_NAME = AppIcon;
				CODE_SIGN_STYLE = Automatic;
				INFOPLIST_FILE = SlideshowApp/Info.plist;
				LD_RUNPATH_SEARCH_PATHS = (
					"$(inherited)",
					"@executable_path/Frameworks",
				);
				PRODUCT_BUNDLE_IDENTIFIER = jp.techacademy.kotaro.kawai.SlideshowApp;
				PRODUCT_NAME = "$(TARGET_NAME)";
				SWIFT_VERSION = 5.0;
				TARGETED_DEVICE_FAMILY = "1,2";
			};
			name = Release;
		};
/* End XCBuildConfiguration section */

/* Begin XCConfigurationList section */
		F4FFCFF824FFED9800FDA152 /* Build configuration list for PBXProject "SlideshowApp" */ = {
			isa = XCConfigurationList;
			buildConfigurations = (
				F4FFD00F24FFED9800FDA152 /* Debug */,
				F4FFD01024FFED9800FDA152 /* Release */,
			);
			defaultConfigurationIsVisible = 0;
			defaultConfigurationName = Release;
		};
		F4FFD01124FFED9800FDA152 /* Build configuration list for PBXNativeTarget "SlideshowApp" */ = {
			isa = XCConfigurationList;
			buildConfigurations = (
				F4FFD01224FFED9800FDA152 /* Debug */,
				F4FFD01324FFED9800FDA152 /* Release */,
			);
			defaultConfigurationIsVisible = 0;
			defaultConfigurationName = Release;
		};
/* End XCConfigurationList section */
	};
	rootObject = F4FFCFF524FFED9800FDA152 /* Project object */;
}
